
Microsoft Visual Studio Solution File, Format Version 12.00
# Visual Studio 15
VisualStudioVersion = 15.0.28307.572
MinimumVisualStudioVersion = 10.0.40219.1
Project("{FAE04EC0-301F-11D3-BF4B-00C04F79EFBC}") = "CSharpFortgeschritten_Ber", "CSharpFortgeschritten_Ber\CSharpFortgeschritten_Ber.csproj", "{6C6A9F8F-B7AB-49ED-B3A0-80F95CBD9989}"
EndProject
Global
	GlobalSection(SolutionConfigurationPlatforms) = preSolution
		Debug|Any CPU = Debug|Any CPU
		Release|Any CPU = Release|Any CPU
	EndGlobalSection
	GlobalSection(ProjectConfigurationPlatforms) = postSolution
		{6C6A9F8F-B7AB-49ED-B3A0-80F95CBD9989}.Debug|Any CPU.ActiveCfg = Debug|Any CPU
		{6C6A9F8F-B7AB-49ED-B3A0-80F95CBD9989}.Debug|Any CPU.Build.0 = Debug|Any CPU
		{6C6A9F8F-B7AB-49ED-B3A0-80F95CBD9989}.Release|Any CPU.ActiveCfg = Release|Any CPU
		{6C6A9F8F-B7AB-49ED-B3A0-80F95CBD9989}.Release|Any CPU.Build.0 = Release|Any CPU
	EndGlobalSection
	GlobalSection(SolutionProperties) = preSolution
		HideSolutionNode = FALSE
	EndGlobalSection
	GlobalSection(ExtensibilityGlobals) = postSolution
		SolutionGuid = {479164C6-95EB-44B4-A93A-9C7DBAA5A106}
	EndGlobalSection
EndGlobal
